
Microsoft Visual Studio Solution File, Format Version 12.00
# Visual Studio Version 16
VisualStudioVersion = 16.0.31729.503
MinimumVisualStudioVersion = 10.0.40219.1
Project("{FAE04EC0-301F-11D3-BF4B-00C04F79EFBC}") = "CPDatabase", "CPDatabase.csproj", "{BB3C59B0-14A3-4BB1-A83F-9514F537DA2A}"
EndProject
Global
	GlobalSection(SolutionConfigurationPlatforms) = preSolution
		Debug|Any CPU = Debug|Any CPU
		Release|Any CPU = Release|Any CPU
	EndGlobalSection
	GlobalSection(ProjectConfigurationPlatforms) = postSolution
		{BB3C59B0-14A3-4BB1-A83F-9514F537DA2A}.Debug|Any CPU.ActiveCfg = Debug|Any CPU
		{BB3C59B0-14A3-4BB1-A83F-9514F537DA2A}.Debug|Any CPU.Build.0 = Debug|Any CPU
		{BB3C59B0-14A3-4BB1-A83F-9514F537DA2A}.Release|Any CPU.ActiveCfg = Release|Any CPU
		{BB3C59B0-14A3-4BB1-A83F-9514F537DA2A}.Release|Any CPU.Build.0 = Release|Any CPU
	EndGlobalSection
	GlobalSection(SolutionProperties) = preSolution
		HideSolutionNode = FALSE
	EndGlobalSection
	GlobalSection(ExtensibilityGlobals) = postSolution
		SolutionGuid = {4F12CEA9-F6BE-4275-BE17-33724E82E371}
	EndGlobalSection
EndGlobal
